<?xml version="1.0" encoding="UTF-8"?>
<!DOCTYPE plist PUBLIC "-//Apple//DTD PLIST 1.0//EN" "http://www.apple.com/DTDs/PropertyList-1.0.dtd">
<plist version="1.0">
<dict>
	<key>archiveVersion</key>
	<string>1</string>
	<key>classes</key>
	<dict/>
	<key>objectVersion</key>
	<string>46</string>
	<key>objects</key>
	<dict>
		<key>41F680FC3E8A4CA1B4DA99D1</key>
		<dict>
			<key>includeInIndex</key>
			<string>1</string>
			<key>isa</key>
			<string>PBXFileReference</string>
			<key>lastKnownFileType</key>
			<string>text.xcconfig</string>
			<key>name</key>
			<string>Pods.xcconfig</string>
			<key>path</key>
			<string>Pods/Pods.xcconfig</string>
			<key>sourceTree</key>
			<string>&lt;group&gt;</string>
		</dict>
		<key>C57E70729EB247CAADAFA526</key>
		<dict>
			<key>buildActionMask</key>
			<string>2147483647</string>
			<key>files</key>
			<array/>
			<key>inputPaths</key>
			<array/>
			<key>isa</key>
			<string>PBXShellScriptBuildPhase</string>
			<key>name</key>
			<string>Check Pods Manifest.lock</string>
			<key>outputPaths</key>
			<array/>
			<key>runOnlyForDeploymentPostprocessing</key>
			<string>0</string>
			<key>shellPath</key>
			<string>/bin/sh</string>
			<key>shellScript</key>
			<string>diff "${PODS_ROOT}/../Podfile.lock" "${PODS_ROOT}/Manifest.lock" &gt; /dev/null
if [[ $? != 0 ]] ; then
    cat &lt;&lt; EOM
error: The sandbox is not in sync with the Podfile.lock. Run 'pod install' or update your CocoaPods installation.
EOM
    exit 1
fi
</string>
			<key>showEnvVarsInLog</key>
			<string>0</string>
		</dict>
		<key>EA64D317183A764D00842F02</key>
		<dict>
			<key>children</key>
			<array>
				<string>EA64D329183A764D00842F02</string>
				<string>EA64D348183A764D00842F02</string>
				<string>EA64D322183A764D00842F02</string>
				<string>EA64D321183A764D00842F02</string>
				<string>41F680FC3E8A4CA1B4DA99D1</string>
			</array>
			<key>isa</key>
			<string>PBXGroup</string>
			<key>sourceTree</key>
			<string>&lt;group&gt;</string>
		</dict>
		<key>EA64D318183A764D00842F02</key>
		<dict>
			<key>attributes</key>
			<dict>
				<key>CLASSPREFIX</key>
				<string>TD</string>
				<key>LastUpgradeCheck</key>
				<string>0500</string>
				<key>ORGANIZATIONNAME</key>
				<string>Tony DiPasquale</string>
				<key>TargetAttributes</key>
				<dict>
					<key>EA64D31F183A764D00842F02</key>
					<dict>
						<key>SystemCapabilities</key>
						<dict>
							<key>com.apple.BackgroundModes</key>
							<dict>
								<key>enabled</key>
								<string>1</string>
							</dict>
						</dict>
					</dict>
					<key>EA64D340183A764D00842F02</key>
					<dict>
						<key>TestTargetID</key>
						<string>EA64D31F183A764D00842F02</string>
					</dict>
				</dict>
			</dict>
			<key>buildConfigurationList</key>
			<string>EA64D31B183A764D00842F02</string>
			<key>compatibilityVersion</key>
			<string>Xcode 3.2</string>
			<key>developmentRegion</key>
			<string>English</string>
			<key>hasScannedForEncodings</key>
			<string>0</string>
			<key>isa</key>
			<string>PBXProject</string>
			<key>knownRegions</key>
			<array>
				<string>en</string>
				<string>Base</string>
			</array>
			<key>mainGroup</key>
			<string>EA64D317183A764D00842F02</string>
			<key>productRefGroup</key>
			<string>EA64D321183A764D00842F02</string>
			<key>projectDirPath</key>
			<string></string>
			<key>projectReferences</key>
			<array/>
			<key>projectRoot</key>
			<string></string>
			<key>targets</key>
			<array>
				<string>EA64D31F183A764D00842F02</string>
				<string>EA64D340183A764D00842F02</string>
			</array>
		</dict>
		<key>EA64D31B183A764D00842F02</key>
		<dict>
			<key>buildConfigurations</key>
			<array>
				<string>EA64D350183A764D00842F02</string>
				<string>EA64D351183A764D00842F02</string>
			</array>
			<key>defaultConfigurationIsVisible</key>
			<string>0</string>
			<key>defaultConfigurationName</key>
			<string>Release</string>
			<key>isa</key>
			<string>XCConfigurationList</string>
		</dict>
		<key>EA64D31C183A764D00842F02</key>
		<dict>
			<key>buildActionMask</key>
			<string>2147483647</string>
			<key>files</key>
			<array>
				<string>EA64D36F183A780600842F02</string>
				<string>EA64D370183A780600842F02</string>
				<string>EA64D372183A780600842F02</string>
				<string>EA64D334183A764D00842F02</string>
				<string>EA64D375183A780600842F02</string>
				<string>EA64D396183A8FDC00842F02</string>
				<string>EA64D385183A781300842F02</string>
				<string>EA64D373183A780600842F02</string>
				<string>EA64D330183A764D00842F02</string>
				<string>EA64D371183A780600842F02</string>
				<string>EA64D382183A781300842F02</string>
				<string>EA64D376183A780600842F02</string>
				<string>EA64D384183A781300842F02</string>
				<string>EA64D392183A7ABF00842F02</string>
				<string>EA64D36E183A780600842F02</string>
				<string>EA64D374183A780600842F02</string>
				<string>EA64D377183A780600842F02</string>
			</array>
			<key>isa</key>
			<string>PBXSourcesBuildPhase</string>
			<key>runOnlyForDeploymentPostprocessing</key>
			<string>0</string>
		</dict>
		<key>EA64D31D183A764D00842F02</key>
		<dict>
			<key>buildActionMask</key>
			<string>2147483647</string>
			<key>files</key>
			<array>
				<string>EA64D38D183A790600842F02</string>
				<string>EA64D38F183A790600842F02</string>
				<string>EA64D389183A78D800842F02</string>
				<string>EA64D387183A78D200842F02</string>
				<string>EA64D326183A764D00842F02</string>
				<string>EA64D328183A764D00842F02</string>
				<string>EA64D324183A764D00842F02</string>
				<string>ED62B97B56394AB88D0D2C6C</string>
			</array>
			<key>isa</key>
			<string>PBXFrameworksBuildPhase</string>
			<key>runOnlyForDeploymentPostprocessing</key>
			<string>0</string>
		</dict>
		<key>EA64D31E183A764D00842F02</key>
		<dict>
			<key>buildActionMask</key>
			<string>2147483647</string>
			<key>files</key>
			<array>
				<string>EA64D33C183A764D00842F02</string>
				<string>EA64D32E183A764D00842F02</string>
				<string>EA64D337183A764D00842F02</string>
			</array>
			<key>isa</key>
			<string>PBXResourcesBuildPhase</string>
			<key>runOnlyForDeploymentPostprocessing</key>
			<string>0</string>
		</dict>
		<key>EA64D31F183A764D00842F02</key>
		<dict>
			<key>buildConfigurationList</key>
			<string>EA64D352183A764D00842F02</string>
			<key>buildPhases</key>
			<array>
				<string>C57E70729EB247CAADAFA526</string>
				<string>EA64D31C183A764D00842F02</string>
				<string>EA64D31D183A764D00842F02</string>
				<string>EA64D31E183A764D00842F02</string>
				<string>F625A9861D3D4DBD8E39DB82</string>
			</array>
			<key>buildRules</key>
			<array/>
			<key>dependencies</key>
			<array/>
			<key>isa</key>
			<string>PBXNativeTarget</string>
			<key>name</key>
			<string>TDAudioStreamer</string>
			<key>productName</key>
			<string>TDAudioStreamer</string>
			<key>productReference</key>
			<string>EA64D320183A764D00842F02</string>
			<key>productType</key>
			<string>com.apple.product-type.application</string>
		</dict>
		<key>EA64D320183A764D00842F02</key>
		<dict>
			<key>explicitFileType</key>
			<string>wrapper.application</string>
			<key>includeInIndex</key>
			<string>0</string>
			<key>isa</key>
			<string>PBXFileReference</string>
			<key>path</key>
			<string>TDAudioStreamer.app</string>
			<key>sourceTree</key>
			<string>BUILT_PRODUCTS_DIR</string>
		</dict>
		<key>EA64D321183A764D00842F02</key>
		<dict>
			<key>children</key>
			<array>
				<string>EA64D320183A764D00842F02</string>
				<string>EA64D341183A764D00842F02</string>
			</array>
			<key>isa</key>
			<string>PBXGroup</string>
			<key>name</key>
			<string>Products</string>
			<key>sourceTree</key>
			<string>&lt;group&gt;</string>
		</dict>
		<key>EA64D322183A764D00842F02</key>
		<dict>
			<key>children</key>
			<array>
				<string>EA64D38A183A790600842F02</string>
				<string>EA64D38B183A790600842F02</string>
				<string>EA64D38C183A790600842F02</string>
				<string>EA64D388183A78D800842F02</string>
				<string>EA64D386183A78D200842F02</string>
				<string>EA64D323183A764D00842F02</string>
				<string>EA64D325183A764D00842F02</string>
				<string>EA64D327183A764D00842F02</string>
				<string>EA64D342183A764D00842F02</string>
				<string>F7FE185A2D794397AA764EA3</string>
			</array>
			<key>isa</key>
			<string>PBXGroup</string>
			<key>name</key>
			<string>Frameworks</string>
			<key>sourceTree</key>
			<string>&lt;group&gt;</string>
		</dict>
		<key>EA64D323183A764D00842F02</key>
		<dict>
			<key>isa</key>
			<string>PBXFileReference</string>
			<key>lastKnownFileType</key>
			<string>wrapper.framework</string>
			<key>name</key>
			<string>Foundation.framework</string>
			<key>path</key>
			<string>System/Library/Frameworks/Foundation.framework</string>
			<key>sourceTree</key>
			<string>SDKROOT</string>
		</dict>
		<key>EA64D324183A764D00842F02</key>
		<dict>
			<key>fileRef</key>
			<string>EA64D323183A764D00842F02</string>
			<key>isa</key>
			<string>PBXBuildFile</string>
		</dict>
		<key>EA64D325183A764D00842F02</key>
		<dict>
			<key>isa</key>
			<string>PBXFileReference</string>
			<key>lastKnownFileType</key>
			<string>wrapper.framework</string>
			<key>name</key>
			<string>CoreGraphics.framework</string>
			<key>path</key>
			<string>System/Library/Frameworks/CoreGraphics.framework</string>
			<key>sourceTree</key>
			<string>SDKROOT</string>
		</dict>
		<key>EA64D326183A764D00842F02</key>
		<dict>
			<key>fileRef</key>
			<string>EA64D325183A764D00842F02</string>
			<key>isa</key>
			<string>PBXBuildFile</string>
		</dict>
		<key>EA64D327183A764D00842F02</key>
		<dict>
			<key>isa</key>
			<string>PBXFileReference</string>
			<key>lastKnownFileType</key>
			<string>wrapper.framework</string>
			<key>name</key>
			<string>UIKit.framework</string>
			<key>path</key>
			<string>System/Library/Frameworks/UIKit.framework</string>
			<key>sourceTree</key>
			<string>SDKROOT</string>
		</dict>
		<key>EA64D328183A764D00842F02</key>
		<dict>
			<key>fileRef</key>
			<string>EA64D327183A764D00842F02</string>
			<key>isa</key>
			<string>PBXBuildFile</string>
		</dict>
		<key>EA64D329183A764D00842F02</key>
		<dict>
			<key>children</key>
			<array>
				<string>EA64D358183A780600842F02</string>
				<string>EA64D378183A781300842F02</string>
				<string>EA64D37B183A781300842F02</string>
				<string>EA64D332183A764D00842F02</string>
				<string>EA64D333183A764D00842F02</string>
				<string>EA64D335183A764D00842F02</string>
				<string>EA64D33B183A764D00842F02</string>
				<string>EA64D32A183A764D00842F02</string>
			</array>
			<key>isa</key>
			<string>PBXGroup</string>
			<key>path</key>
			<string>TDAudioStreamer</string>
			<key>sourceTree</key>
			<string>&lt;group&gt;</string>
		</dict>
		<key>EA64D32A183A764D00842F02</key>
		<dict>
			<key>children</key>
			<array>
				<string>EA64D32B183A764D00842F02</string>
				<string>EA64D32C183A764D00842F02</string>
				<string>EA64D32F183A764D00842F02</string>
				<string>EA64D331183A764D00842F02</string>
			</array>
			<key>isa</key>
			<string>PBXGroup</string>
			<key>path</key>
			<string>Supporting Files</string>
			<key>sourceTree</key>
			<string>&lt;group&gt;</string>
		</dict>
		<key>EA64D32B183A764D00842F02</key>
		<dict>
			<key>isa</key>
			<string>PBXFileReference</string>
			<key>lastKnownFileType</key>
			<string>text.plist.xml</string>
			<key>path</key>
			<string>TDAudioStreamer-Info.plist</string>
			<key>sourceTree</key>
			<string>&lt;group&gt;</string>
		</dict>
		<key>EA64D32C183A764D00842F02</key>
		<dict>
			<key>children</key>
			<array>
				<string>EA64D32D183A764D00842F02</string>
			</array>
			<key>isa</key>
			<string>PBXVariantGroup</string>
			<key>name</key>
			<string>InfoPlist.strings</string>
			<key>sourceTree</key>
			<string>&lt;group&gt;</string>
		</dict>
		<key>EA64D32D183A764D00842F02</key>
		<dict>
			<key>isa</key>
			<string>PBXFileReference</string>
			<key>lastKnownFileType</key>
			<string>text.plist.strings</string>
			<key>name</key>
			<string>en</string>
			<key>path</key>
			<string>en.lproj/InfoPlist.strings</string>
			<key>sourceTree</key>
			<string>&lt;group&gt;</string>
		</dict>
		<key>EA64D32E183A764D00842F02</key>
		<dict>
			<key>fileRef</key>
			<string>EA64D32C183A764D00842F02</string>
			<key>isa</key>
			<string>PBXBuildFile</string>
		</dict>
		<key>EA64D32F183A764D00842F02</key>
		<dict>
			<key>isa</key>
			<string>PBXFileReference</string>
			<key>lastKnownFileType</key>
			<string>sourcecode.c.objc</string>
			<key>path</key>
			<string>main.m</string>
			<key>sourceTree</key>
			<string>&lt;group&gt;</string>
		</dict>
		<key>EA64D330183A764D00842F02</key>
		<dict>
			<key>fileRef</key>
			<string>EA64D32F183A764D00842F02</string>
			<key>isa</key>
			<string>PBXBuildFile</string>
		</dict>
		<key>EA64D331183A764D00842F02</key>
		<dict>
			<key>isa</key>
			<string>PBXFileReference</string>
			<key>lastKnownFileType</key>
			<string>sourcecode.c.h</string>
			<key>path</key>
			<string>TDAudioStreamer-Prefix.pch</string>
			<key>sourceTree</key>
			<string>&lt;group&gt;</string>
		</dict>
		<key>EA64D332183A764D00842F02</key>
		<dict>
			<key>isa</key>
			<string>PBXFileReference</string>
			<key>lastKnownFileType</key>
			<string>sourcecode.c.h</string>
			<key>path</key>
			<string>TDAppDelegate.h</string>
			<key>sourceTree</key>
			<string>&lt;group&gt;</string>
		</dict>
		<key>EA64D333183A764D00842F02</key>
		<dict>
			<key>isa</key>
			<string>PBXFileReference</string>
			<key>lastKnownFileType</key>
			<string>sourcecode.c.objc</string>
			<key>path</key>
			<string>TDAppDelegate.m</string>
			<key>sourceTree</key>
			<string>&lt;group&gt;</string>
		</dict>
		<key>EA64D334183A764D00842F02</key>
		<dict>
			<key>fileRef</key>
			<string>EA64D333183A764D00842F02</string>
			<key>isa</key>
			<string>PBXBuildFile</string>
		</dict>
		<key>EA64D335183A764D00842F02</key>
		<dict>
			<key>children</key>
			<array>
				<string>EA64D336183A764D00842F02</string>
			</array>
			<key>isa</key>
			<string>PBXVariantGroup</string>
			<key>name</key>
			<string>Main.storyboard</string>
			<key>sourceTree</key>
			<string>&lt;group&gt;</string>
		</dict>
		<key>EA64D336183A764D00842F02</key>
		<dict>
			<key>isa</key>
			<string>PBXFileReference</string>
			<key>lastKnownFileType</key>
			<string>file.storyboard</string>
			<key>name</key>
			<string>Base</string>
			<key>path</key>
			<string>Base.lproj/Main.storyboard</string>
			<key>sourceTree</key>
			<string>&lt;group&gt;</string>
		</dict>
		<key>EA64D337183A764D00842F02</key>
		<dict>
			<key>fileRef</key>
			<string>EA64D335183A764D00842F02</string>
			<key>isa</key>
			<string>PBXBuildFile</string>
		</dict>
		<key>EA64D33B183A764D00842F02</key>
		<dict>
			<key>isa</key>
			<string>PBXFileReference</string>
			<key>lastKnownFileType</key>
			<string>folder.assetcatalog</string>
			<key>path</key>
			<string>Images.xcassets</string>
			<key>sourceTree</key>
			<string>&lt;group&gt;</string>
		</dict>
		<key>EA64D33C183A764D00842F02</key>
		<dict>
			<key>fileRef</key>
			<string>EA64D33B183A764D00842F02</string>
			<key>isa</key>
			<string>PBXBuildFile</string>
		</dict>
		<key>EA64D33D183A764D00842F02</key>
		<dict>
			<key>buildActionMask</key>
			<string>2147483647</string>
			<key>files</key>
			<array>
				<string>EA64D34F183A764D00842F02</string>
			</array>
			<key>isa</key>
			<string>PBXSourcesBuildPhase</string>
			<key>runOnlyForDeploymentPostprocessing</key>
			<string>0</string>
		</dict>
		<key>EA64D33E183A764D00842F02</key>
		<dict>
			<key>buildActionMask</key>
			<string>2147483647</string>
			<key>files</key>
			<array>
				<string>EA64D343183A764D00842F02</string>
				<string>EA64D345183A764D00842F02</string>
				<string>EA64D344183A764D00842F02</string>
			</array>
			<key>isa</key>
			<string>PBXFrameworksBuildPhase</string>
			<key>runOnlyForDeploymentPostprocessing</key>
			<string>0</string>
		</dict>
		<key>EA64D33F183A764D00842F02</key>
		<dict>
			<key>buildActionMask</key>
			<string>2147483647</string>
			<key>files</key>
			<array>
				<string>EA64D34D183A764D00842F02</string>
			</array>
			<key>isa</key>
			<string>PBXResourcesBuildPhase</string>
			<key>runOnlyForDeploymentPostprocessing</key>
			<string>0</string>
		</dict>
		<key>EA64D340183A764D00842F02</key>
		<dict>
			<key>buildConfigurationList</key>
			<string>EA64D355183A764D00842F02</string>
			<key>buildPhases</key>
			<array>
				<string>EA64D33D183A764D00842F02</string>
				<string>EA64D33E183A764D00842F02</string>
				<string>EA64D33F183A764D00842F02</string>
			</array>
			<key>buildRules</key>
			<array/>
			<key>dependencies</key>
			<array>
				<string>EA64D347183A764D00842F02</string>
			</array>
			<key>isa</key>
			<string>PBXNativeTarget</string>
			<key>name</key>
			<string>TDAudioStreamerTests</string>
			<key>productName</key>
			<string>TDAudioStreamerTests</string>
			<key>productReference</key>
			<string>EA64D341183A764D00842F02</string>
			<key>productType</key>
			<string>com.apple.product-type.bundle.unit-test</string>
		</dict>
		<key>EA64D341183A764D00842F02</key>
		<dict>
			<key>explicitFileType</key>
			<string>wrapper.cfbundle</string>
			<key>includeInIndex</key>
			<string>0</string>
			<key>isa</key>
			<string>PBXFileReference</string>
			<key>path</key>
			<string>TDAudioStreamerTests.xctest</string>
			<key>sourceTree</key>
			<string>BUILT_PRODUCTS_DIR</string>
		</dict>
		<key>EA64D342183A764D00842F02</key>
		<dict>
			<key>isa</key>
			<string>PBXFileReference</string>
			<key>lastKnownFileType</key>
			<string>wrapper.framework</string>
			<key>name</key>
			<string>XCTest.framework</string>
			<key>path</key>
			<string>Library/Frameworks/XCTest.framework</string>
			<key>sourceTree</key>
			<string>DEVELOPER_DIR</string>
		</dict>
		<key>EA64D343183A764D00842F02</key>
		<dict>
			<key>fileRef</key>
			<string>EA64D342183A764D00842F02</string>
			<key>isa</key>
			<string>PBXBuildFile</string>
		</dict>
		<key>EA64D344183A764D00842F02</key>
		<dict>
			<key>fileRef</key>
			<string>EA64D323183A764D00842F02</string>
			<key>isa</key>
			<string>PBXBuildFile</string>
		</dict>
		<key>EA64D345183A764D00842F02</key>
		<dict>
			<key>fileRef</key>
			<string>EA64D327183A764D00842F02</string>
			<key>isa</key>
			<string>PBXBuildFile</string>
		</dict>
		<key>EA64D346183A764D00842F02</key>
		<dict>
			<key>containerPortal</key>
			<string>EA64D318183A764D00842F02</string>
			<key>isa</key>
			<string>PBXContainerItemProxy</string>
			<key>proxyType</key>
			<string>1</string>
			<key>remoteGlobalIDString</key>
			<string>EA64D31F183A764D00842F02</string>
			<key>remoteInfo</key>
			<string>TDAudioStreamer</string>
		</dict>
		<key>EA64D347183A764D00842F02</key>
		<dict>
			<key>isa</key>
			<string>PBXTargetDependency</string>
			<key>target</key>
			<string>EA64D31F183A764D00842F02</string>
			<key>targetProxy</key>
			<string>EA64D346183A764D00842F02</string>
		</dict>
		<key>EA64D348183A764D00842F02</key>
		<dict>
			<key>children</key>
			<array>
				<string>EA64D34E183A764D00842F02</string>
				<string>EA64D349183A764D00842F02</string>
			</array>
			<key>isa</key>
			<string>PBXGroup</string>
			<key>path</key>
			<string>TDAudioStreamerTests</string>
			<key>sourceTree</key>
			<string>&lt;group&gt;</string>
		</dict>
		<key>EA64D349183A764D00842F02</key>
		<dict>
			<key>children</key>
			<array>
				<string>EA64D34A183A764D00842F02</string>
				<string>EA64D34B183A764D00842F02</string>
			</array>
			<key>isa</key>
			<string>PBXGroup</string>
			<key>name</key>
			<string>Supporting Files</string>
			<key>sourceTree</key>
			<string>&lt;group&gt;</string>
		</dict>
		<key>EA64D34A183A764D00842F02</key>
		<dict>
			<key>isa</key>
			<string>PBXFileReference</string>
			<key>lastKnownFileType</key>
			<string>text.plist.xml</string>
			<key>path</key>
			<string>TDAudioStreamerTests-Info.plist</string>
			<key>sourceTree</key>
			<string>&lt;group&gt;</string>
		</dict>
		<key>EA64D34B183A764D00842F02</key>
		<dict>
			<key>children</key>
			<array>
				<string>EA64D34C183A764D00842F02</string>
			</array>
			<key>isa</key>
			<string>PBXVariantGroup</string>
			<key>name</key>
			<string>InfoPlist.strings</string>
			<key>sourceTree</key>
			<string>&lt;group&gt;</string>
		</dict>
		<key>EA64D34C183A764D00842F02</key>
		<dict>
			<key>isa</key>
			<string>PBXFileReference</string>
			<key>lastKnownFileType</key>
			<string>text.plist.strings</string>
			<key>name</key>
			<string>en</string>
			<key>path</key>
			<string>en.lproj/InfoPlist.strings</string>
			<key>sourceTree</key>
			<string>&lt;group&gt;</string>
		</dict>
		<key>EA64D34D183A764D00842F02</key>
		<dict>
			<key>fileRef</key>
			<string>EA64D34B183A764D00842F02</string>
			<key>isa</key>
			<string>PBXBuildFile</string>
		</dict>
		<key>EA64D34E183A764D00842F02</key>
		<dict>
			<key>isa</key>
			<string>PBXFileReference</string>
			<key>lastKnownFileType</key>
			<string>sourcecode.c.objc</string>
			<key>path</key>
			<string>TDAudioStreamerTests.m</string>
			<key>sourceTree</key>
			<string>&lt;group&gt;</string>
		</dict>
		<key>EA64D34F183A764D00842F02</key>
		<dict>
			<key>fileRef</key>
			<string>EA64D34E183A764D00842F02</string>
			<key>isa</key>
			<string>PBXBuildFile</string>
		</dict>
		<key>EA64D350183A764D00842F02</key>
		<dict>
			<key>buildSettings</key>
			<dict>
				<key>ALWAYS_SEARCH_USER_PATHS</key>
				<string>NO</string>
				<key>ARCHS</key>
				<string>$(ARCHS_STANDARD_INCLUDING_64_BIT)</string>
				<key>CLANG_CXX_LANGUAGE_STANDARD</key>
				<string>gnu++0x</string>
				<key>CLANG_CXX_LIBRARY</key>
				<string>libc++</string>
				<key>CLANG_ENABLE_MODULES</key>
				<string>YES</string>
				<key>CLANG_ENABLE_OBJC_ARC</key>
				<string>YES</string>
				<key>CLANG_WARN_BOOL_CONVERSION</key>
				<string>YES</string>
				<key>CLANG_WARN_CONSTANT_CONVERSION</key>
				<string>YES</string>
				<key>CLANG_WARN_DIRECT_OBJC_ISA_USAGE</key>
				<string>YES_ERROR</string>
				<key>CLANG_WARN_EMPTY_BODY</key>
				<string>YES</string>
				<key>CLANG_WARN_ENUM_CONVERSION</key>
				<string>YES</string>
				<key>CLANG_WARN_INT_CONVERSION</key>
				<string>YES</string>
				<key>CLANG_WARN_OBJC_ROOT_CLASS</key>
				<string>YES_ERROR</string>
				<key>CLANG_WARN__DUPLICATE_METHOD_MATCH</key>
				<string>YES</string>
				<key>CODE_SIGN_IDENTITY[sdk=iphoneos*]</key>
				<string>iPhone Developer</string>
				<key>COPY_PHASE_STRIP</key>
				<string>NO</string>
				<key>GCC_C_LANGUAGE_STANDARD</key>
				<string>gnu99</string>
				<key>GCC_DYNAMIC_NO_PIC</key>
				<string>NO</string>
				<key>GCC_OPTIMIZATION_LEVEL</key>
				<string>0</string>
				<key>GCC_PREPROCESSOR_DEFINITIONS</key>
				<array>
					<string>DEBUG=1</string>
					<string>$(inherited)</string>
				</array>
				<key>GCC_SYMBOLS_PRIVATE_EXTERN</key>
				<string>NO</string>
				<key>GCC_WARN_64_TO_32_BIT_CONVERSION</key>
				<string>YES</string>
				<key>GCC_WARN_ABOUT_RETURN_TYPE</key>
				<string>YES_ERROR</string>
				<key>GCC_WARN_UNDECLARED_SELECTOR</key>
				<string>YES</string>
				<key>GCC_WARN_UNINITIALIZED_AUTOS</key>
				<string>YES</string>
				<key>GCC_WARN_UNUSED_FUNCTION</key>
				<string>YES</string>
				<key>GCC_WARN_UNUSED_VARIABLE</key>
				<string>YES</string>
				<key>IPHONEOS_DEPLOYMENT_TARGET</key>
				<string>7.0</string>
				<key>ONLY_ACTIVE_ARCH</key>
				<string>YES</string>
				<key>SDKROOT</key>
				<string>iphoneos</string>
			</dict>
			<key>isa</key>
			<string>XCBuildConfiguration</string>
			<key>name</key>
			<string>Debug</string>
		</dict>
		<key>EA64D351183A764D00842F02</key>
		<dict>
			<key>buildSettings</key>
			<dict>
				<key>ALWAYS_SEARCH_USER_PATHS</key>
				<string>NO</string>
				<key>ARCHS</key>
				<string>$(ARCHS_STANDARD_INCLUDING_64_BIT)</string>
				<key>CLANG_CXX_LANGUAGE_STANDARD</key>
				<string>gnu++0x</string>
				<key>CLANG_CXX_LIBRARY</key>
				<string>libc++</string>
				<key>CLANG_ENABLE_MODULES</key>
				<string>YES</string>
				<key>CLANG_ENABLE_OBJC_ARC</key>
				<string>YES</string>
				<key>CLANG_WARN_BOOL_CONVERSION</key>
				<string>YES</string>
				<key>CLANG_WARN_CONSTANT_CONVERSION</key>
				<string>YES</string>
				<key>CLANG_WARN_DIRECT_OBJC_ISA_USAGE</key>
				<string>YES_ERROR</string>
				<key>CLANG_WARN_EMPTY_BODY</key>
				<string>YES</string>
				<key>CLANG_WARN_ENUM_CONVERSION</key>
				<string>YES</string>
				<key>CLANG_WARN_INT_CONVERSION</key>
				<string>YES</string>
				<key>CLANG_WARN_OBJC_ROOT_CLASS</key>
				<string>YES_ERROR</string>
				<key>CLANG_WARN__DUPLICATE_METHOD_MATCH</key>
				<string>YES</string>
				<key>CODE_SIGN_IDENTITY[sdk=iphoneos*]</key>
				<string>iPhone Developer</string>
				<key>COPY_PHASE_STRIP</key>
				<string>YES</string>
				<key>ENABLE_NS_ASSERTIONS</key>
				<string>NO</string>
				<key>GCC_C_LANGUAGE_STANDARD</key>
				<string>gnu99</string>
				<key>GCC_WARN_64_TO_32_BIT_CONVERSION</key>
				<string>YES</string>
				<key>GCC_WARN_ABOUT_RETURN_TYPE</key>
				<string>YES_ERROR</string>
				<key>GCC_WARN_UNDECLARED_SELECTOR</key>
				<string>YES</string>
				<key>GCC_WARN_UNINITIALIZED_AUTOS</key>
				<string>YES</string>
				<key>GCC_WARN_UNUSED_FUNCTION</key>
				<string>YES</string>
				<key>GCC_WARN_UNUSED_VARIABLE</key>
				<string>YES</string>
				<key>IPHONEOS_DEPLOYMENT_TARGET</key>
				<string>7.0</string>
				<key>SDKROOT</key>
				<string>iphoneos</string>
				<key>VALIDATE_PRODUCT</key>
				<string>YES</string>
			</dict>
			<key>isa</key>
			<string>XCBuildConfiguration</string>
			<key>name</key>
			<string>Release</string>
		</dict>
		<key>EA64D352183A764D00842F02</key>
		<dict>
			<key>buildConfigurations</key>
			<array>
				<string>EA64D353183A764D00842F02</string>
				<string>EA64D354183A764D00842F02</string>
			</array>
			<key>defaultConfigurationIsVisible</key>
			<string>0</string>
			<key>defaultConfigurationName</key>
			<string>Release</string>
			<key>isa</key>
			<string>XCConfigurationList</string>
		</dict>
		<key>EA64D353183A764D00842F02</key>
		<dict>
			<key>baseConfigurationReference</key>
			<string>41F680FC3E8A4CA1B4DA99D1</string>
			<key>buildSettings</key>
			<dict>
				<key>ASSETCATALOG_COMPILER_APPICON_NAME</key>
				<string>AppIcon</string>
				<key>ASSETCATALOG_COMPILER_LAUNCHIMAGE_NAME</key>
				<string>LaunchImage</string>
				<key>GCC_PRECOMPILE_PREFIX_HEADER</key>
				<string>YES</string>
				<key>GCC_PREFIX_HEADER</key>
				<string>TDAudioStreamer/Supporting Files/TDAudioStreamer-Prefix.pch</string>
				<key>INFOPLIST_FILE</key>
				<string>$(SRCROOT)/TDAudioStreamer/Supporting Files/TDAudioStreamer-Info.plist</string>
				<key>PRODUCT_NAME</key>
				<string>$(TARGET_NAME)</string>
				<key>WRAPPER_EXTENSION</key>
				<string>app</string>
			</dict>
			<key>isa</key>
			<string>XCBuildConfiguration</string>
			<key>name</key>
			<string>Debug</string>
		</dict>
		<key>EA64D354183A764D00842F02</key>
		<dict>
			<key>baseConfigurationReference</key>
			<string>41F680FC3E8A4CA1B4DA99D1</string>
			<key>buildSettings</key>
			<dict>
				<key>ASSETCATALOG_COMPILER_APPICON_NAME</key>
				<string>AppIcon</string>
				<key>ASSETCATALOG_COMPILER_LAUNCHIMAGE_NAME</key>
				<string>LaunchImage</string>
				<key>GCC_PRECOMPILE_PREFIX_HEADER</key>
				<string>YES</string>
				<key>GCC_PREFIX_HEADER</key>
				<string>TDAudioStreamer/Supporting Files/TDAudioStreamer-Prefix.pch</string>
				<key>INFOPLIST_FILE</key>
				<string>$(SRCROOT)/TDAudioStreamer/Supporting Files/TDAudioStreamer-Info.plist</string>
				<key>PRODUCT_NAME</key>
				<string>$(TARGET_NAME)</string>
				<key>WRAPPER_EXTENSION</key>
				<string>app</string>
			</dict>
			<key>isa</key>
			<string>XCBuildConfiguration</string>
			<key>name</key>
			<string>Release</string>
		</dict>
		<key>EA64D355183A764D00842F02</key>
		<dict>
			<key>buildConfigurations</key>
			<array>
				<string>EA64D356183A764D00842F02</string>
				<string>EA64D357183A764D00842F02</string>
			</array>
			<key>defaultConfigurationIsVisible</key>
			<string>0</string>
			<key>defaultConfigurationName</key>
			<string>Release</string>
			<key>isa</key>
			<string>XCConfigurationList</string>
		</dict>
		<key>EA64D356183A764D00842F02</key>
		<dict>
			<key>buildSettings</key>
			<dict>
				<key>ARCHS</key>
				<string>$(ARCHS_STANDARD_INCLUDING_64_BIT)</string>
				<key>BUNDLE_LOADER</key>
				<string>$(BUILT_PRODUCTS_DIR)/TDAudioStreamer.app/TDAudioStreamer</string>
				<key>FRAMEWORK_SEARCH_PATHS</key>
				<array>
					<string>$(SDKROOT)/Developer/Library/Frameworks</string>
					<string>$(inherited)</string>
					<string>$(DEVELOPER_FRAMEWORKS_DIR)</string>
				</array>
				<key>GCC_PRECOMPILE_PREFIX_HEADER</key>
				<string>YES</string>
				<key>GCC_PREFIX_HEADER</key>
				<string>TDAudioStreamer/TDAudioStreamer-Prefix.pch</string>
				<key>GCC_PREPROCESSOR_DEFINITIONS</key>
				<array>
					<string>DEBUG=1</string>
					<string>$(inherited)</string>
				</array>
				<key>INFOPLIST_FILE</key>
				<string>TDAudioStreamerTests/TDAudioStreamerTests-Info.plist</string>
				<key>PRODUCT_NAME</key>
				<string>$(TARGET_NAME)</string>
				<key>TEST_HOST</key>
				<string>$(BUNDLE_LOADER)</string>
				<key>WRAPPER_EXTENSION</key>
				<string>xctest</string>
			</dict>
			<key>isa</key>
			<string>XCBuildConfiguration</string>
			<key>name</key>
			<string>Debug</string>
		</dict>
		<key>EA64D357183A764D00842F02</key>
		<dict>
			<key>buildSettings</key>
			<dict>
				<key>ARCHS</key>
				<string>$(ARCHS_STANDARD_INCLUDING_64_BIT)</string>
				<key>BUNDLE_LOADER</key>
				<string>$(BUILT_PRODUCTS_DIR)/TDAudioStreamer.app/TDAudioStreamer</string>
				<key>FRAMEWORK_SEARCH_PATHS</key>
				<array>
					<string>$(SDKROOT)/Developer/Library/Frameworks</string>
					<string>$(inherited)</string>
					<string>$(DEVELOPER_FRAMEWORKS_DIR)</string>
				</array>
				<key>GCC_PRECOMPILE_PREFIX_HEADER</key>
				<string>YES</string>
				<key>GCC_PREFIX_HEADER</key>
				<string>TDAudioStreamer/TDAudioStreamer-Prefix.pch</string>
				<key>INFOPLIST_FILE</key>
				<string>TDAudioStreamerTests/TDAudioStreamerTests-Info.plist</string>
				<key>PRODUCT_NAME</key>
				<string>$(TARGET_NAME)</string>
				<key>TEST_HOST</key>
				<string>$(BUNDLE_LOADER)</string>
				<key>WRAPPER_EXTENSION</key>
				<string>xctest</string>
			</dict>
			<key>isa</key>
			<string>XCBuildConfiguration</string>
			<key>name</key>
			<string>Release</string>
		</dict>
		<key>EA64D358183A780600842F02</key>
		<dict>
			<key>children</key>
			<array>
				<string>EA64D393183A8FDC00842F02</string>
				<string>EA64D359183A780600842F02</string>
				<string>EA64D368183A780600842F02</string>
				<string>EA64D369183A780600842F02</string>
				<string>EA64D36A183A780600842F02</string>
				<string>EA64D36B183A780600842F02</string>
				<string>EA64D36C183A780600842F02</string>
				<string>EA64D36D183A780600842F02</string>
				<string>EA64D390183A7ABF00842F02</string>
				<string>EA64D391183A7ABF00842F02</string>
			</array>
			<key>isa</key>
			<string>PBXGroup</string>
			<key>path</key>
			<string>AudioStreamer</string>
			<key>sourceTree</key>
			<string>&lt;group&gt;</string>
		</dict>
		<key>EA64D359183A780600842F02</key>
		<dict>
			<key>children</key>
			<array>
				<string>EA64D35A183A780600842F02</string>
				<string>EA64D35B183A780600842F02</string>
				<string>EA64D35C183A780600842F02</string>
				<string>EA64D35D183A780600842F02</string>
				<string>EA64D35E183A780600842F02</string>
				<string>EA64D35F183A780600842F02</string>
				<string>EA64D360183A780600842F02</string>
				<string>EA64D361183A780600842F02</string>
				<string>EA64D362183A780600842F02</string>
				<string>EA64D363183A780600842F02</string>
				<string>EA64D364183A780600842F02</string>
				<string>EA64D365183A780600842F02</string>
				<string>EA64D366183A780600842F02</string>
				<string>EA64D367183A780600842F02</string>
			</array>
			<key>isa</key>
			<string>PBXGroup</string>
			<key>path</key>
			<string>Classes</string>
			<key>sourceTree</key>
			<string>&lt;group&gt;</string>
		</dict>
		<key>EA64D35A183A780600842F02</key>
		<dict>
			<key>fileEncoding</key>
			<string>4</string>
			<key>isa</key>
			<string>PBXFileReference</string>
			<key>lastKnownFileType</key>
			<string>sourcecode.c.h</string>
			<key>path</key>
			<string>TDAudioFileStream.h</string>
			<key>sourceTree</key>
			<string>&lt;group&gt;</string>
		</dict>
		<key>EA64D35B183A780600842F02</key>
		<dict>
			<key>fileEncoding</key>
			<string>4</string>
			<key>isa</key>
			<string>PBXFileReference</string>
			<key>lastKnownFileType</key>
			<string>sourcecode.c.objc</string>
			<key>path</key>
			<string>TDAudioFileStream.m</string>
			<key>sourceTree</key>
			<string>&lt;group&gt;</string>
		</dict>
		<key>EA64D35C183A780600842F02</key>
		<dict>
			<key>fileEncoding</key>
			<string>4</string>
			<key>isa</key>
			<string>PBXFileReference</string>
			<key>lastKnownFileType</key>
			<string>sourcecode.c.h</string>
			<key>path</key>
			<string>TDAudioQueue.h</string>
			<key>sourceTree</key>
			<string>&lt;group&gt;</string>
		</dict>
		<key>EA64D35D183A780600842F02</key>
		<dict>
			<key>fileEncoding</key>
			<string>4</string>
			<key>isa</key>
			<string>PBXFileReference</string>
			<key>lastKnownFileType</key>
			<string>sourcecode.c.objc</string>
			<key>path</key>
			<string>TDAudioQueue.m</string>
			<key>sourceTree</key>
			<string>&lt;group&gt;</string>
		</dict>
		<key>EA64D35E183A780600842F02</key>
		<dict>
			<key>fileEncoding</key>
			<string>4</string>
			<key>isa</key>
			<string>PBXFileReference</string>
			<key>lastKnownFileType</key>
			<string>sourcecode.c.h</string>
			<key>path</key>
			<string>TDAudioQueueBuffer.h</string>
			<key>sourceTree</key>
			<string>&lt;group&gt;</string>
		</dict>
		<key>EA64D35F183A780600842F02</key>
		<dict>
			<key>fileEncoding</key>
			<string>4</string>
			<key>isa</key>
			<string>PBXFileReference</string>
			<key>lastKnownFileType</key>
			<string>sourcecode.c.objc</string>
			<key>path</key>
			<string>TDAudioQueueBuffer.m</string>
			<key>sourceTree</key>
			<string>&lt;group&gt;</string>
		</dict>
		<key>EA64D360183A780600842F02</key>
		<dict>
			<key>fileEncoding</key>
			<string>4</string>
			<key>isa</key>
			<string>PBXFileReference</string>
			<key>lastKnownFileType</key>
			<string>sourcecode.c.h</string>
			<key>path</key>
			<string>TDAudioQueueBufferManager.h</string>
			<key>sourceTree</key>
			<string>&lt;group&gt;</string>
		</dict>
		<key>EA64D361183A780600842F02</key>
		<dict>
			<key>fileEncoding</key>
			<string>4</string>
			<key>isa</key>
			<string>PBXFileReference</string>
			<key>lastKnownFileType</key>
			<string>sourcecode.c.objc</string>
			<key>path</key>
			<string>TDAudioQueueBufferManager.m</string>
			<key>sourceTree</key>
			<string>&lt;group&gt;</string>
		</dict>
		<key>EA64D362183A780600842F02</key>
		<dict>
			<key>fileEncoding</key>
			<string>4</string>
			<key>isa</key>
			<string>PBXFileReference</string>
			<key>lastKnownFileType</key>
			<string>sourcecode.c.h</string>
			<key>path</key>
			<string>TDAudioQueueController.h</string>
			<key>sourceTree</key>
			<string>&lt;group&gt;</string>
		</dict>
		<key>EA64D363183A780600842F02</key>
		<dict>
			<key>fileEncoding</key>
			<string>4</string>
			<key>isa</key>
			<string>PBXFileReference</string>
			<key>lastKnownFileType</key>
			<string>sourcecode.c.objc</string>
			<key>path</key>
			<string>TDAudioQueueController.m</string>
			<key>sourceTree</key>
			<string>&lt;group&gt;</string>
		</dict>
		<key>EA64D364183A780600842F02</key>
		<dict>
			<key>fileEncoding</key>
			<string>4</string>
			<key>isa</key>
			<string>PBXFileReference</string>
			<key>lastKnownFileType</key>
			<string>sourcecode.c.h</string>
			<key>path</key>
			<string>TDAudioQueueFiller.h</string>
			<key>sourceTree</key>
			<string>&lt;group&gt;</string>
		</dict>
		<key>EA64D365183A780600842F02</key>
		<dict>
			<key>fileEncoding</key>
			<string>4</string>
			<key>isa</key>
			<string>PBXFileReference</string>
			<key>lastKnownFileType</key>
			<string>sourcecode.c.objc</string>
			<key>path</key>
			<string>TDAudioQueueFiller.m</string>
			<key>sourceTree</key>
			<string>&lt;group&gt;</string>
		</dict>
		<key>EA64D366183A780600842F02</key>
		<dict>
			<key>fileEncoding</key>
			<string>4</string>
			<key>isa</key>
			<string>PBXFileReference</string>
			<key>lastKnownFileType</key>
			<string>sourcecode.c.h</string>
			<key>path</key>
			<string>TDAudioStream.h</string>
			<key>sourceTree</key>
			<string>&lt;group&gt;</string>
		</dict>
		<key>EA64D367183A780600842F02</key>
		<dict>
			<key>fileEncoding</key>
			<string>4</string>
			<key>isa</key>
			<string>PBXFileReference</string>
			<key>lastKnownFileType</key>
			<string>sourcecode.c.objc</string>
			<key>path</key>
			<string>TDAudioStream.m</string>
			<key>sourceTree</key>
			<string>&lt;group&gt;</string>
		</dict>
		<key>EA64D368183A780600842F02</key>
		<dict>
			<key>fileEncoding</key>
			<string>4</string>
			<key>isa</key>
			<string>PBXFileReference</string>
			<key>lastKnownFileType</key>
			<string>sourcecode.c.h</string>
			<key>path</key>
			<string>TDAudioInputStreamer.h</string>
			<key>sourceTree</key>
			<string>&lt;group&gt;</string>
		</dict>
		<key>EA64D369183A780600842F02</key>
		<dict>
			<key>fileEncoding</key>
			<string>4</string>
			<key>isa</key>
			<string>PBXFileReference</string>
			<key>lastKnownFileType</key>
			<string>sourcecode.c.objc</string>
			<key>path</key>
			<string>TDAudioInputStreamer.m</string>
			<key>sourceTree</key>
			<string>&lt;group&gt;</string>
		</dict>
		<key>EA64D36A183A780600842F02</key>
		<dict>
			<key>fileEncoding</key>
			<string>4</string>
			<key>isa</key>
			<string>PBXFileReference</string>
			<key>lastKnownFileType</key>
			<string>sourcecode.c.h</string>
			<key>path</key>
			<string>TDAudioOutputStreamer.h</string>
			<key>sourceTree</key>
			<string>&lt;group&gt;</string>
		</dict>
		<key>EA64D36B183A780600842F02</key>
		<dict>
			<key>fileEncoding</key>
			<string>4</string>
			<key>isa</key>
			<string>PBXFileReference</string>
			<key>lastKnownFileType</key>
			<string>sourcecode.c.objc</string>
			<key>path</key>
			<string>TDAudioOutputStreamer.m</string>
			<key>sourceTree</key>
			<string>&lt;group&gt;</string>
		</dict>
		<key>EA64D36C183A780600842F02</key>
		<dict>
			<key>fileEncoding</key>
			<string>4</string>
			<key>isa</key>
			<string>PBXFileReference</string>
			<key>lastKnownFileType</key>
			<string>sourcecode.c.h</string>
			<key>path</key>
			<string>TDAudioStreamerConstants.h</string>
			<key>sourceTree</key>
			<string>&lt;group&gt;</string>
		</dict>
		<key>EA64D36D183A780600842F02</key>
		<dict>
			<key>fileEncoding</key>
			<string>4</string>
			<key>isa</key>
			<string>PBXFileReference</string>
			<key>lastKnownFileType</key>
			<string>sourcecode.c.objc</string>
			<key>path</key>
			<string>TDAudioStreamerConstants.m</string>
			<key>sourceTree</key>
			<string>&lt;group&gt;</string>
		</dict>
		<key>EA64D36E183A780600842F02</key>
		<dict>
			<key>fileRef</key>
			<string>EA64D35B183A780600842F02</string>
			<key>isa</key>
			<string>PBXBuildFile</string>
		</dict>
		<key>EA64D36F183A780600842F02</key>
		<dict>
			<key>fileRef</key>
			<string>EA64D35D183A780600842F02</string>
			<key>isa</key>
			<string>PBXBuildFile</string>
		</dict>
		<key>EA64D370183A780600842F02</key>
		<dict>
			<key>fileRef</key>
			<string>EA64D35F183A780600842F02</string>
			<key>isa</key>
			<string>PBXBuildFile</string>
		</dict>
		<key>EA64D371183A780600842F02</key>
		<dict>
			<key>fileRef</key>
			<string>EA64D361183A780600842F02</string>
			<key>isa</key>
			<string>PBXBuildFile</string>
		</dict>
		<key>EA64D372183A780600842F02</key>
		<dict>
			<key>fileRef</key>
			<string>EA64D363183A780600842F02</string>
			<key>isa</key>
			<string>PBXBuildFile</string>
		</dict>
		<key>EA64D373183A780600842F02</key>
		<dict>
			<key>fileRef</key>
			<string>EA64D365183A780600842F02</string>
			<key>isa</key>
			<string>PBXBuildFile</string>
		</dict>
		<key>EA64D374183A780600842F02</key>
		<dict>
			<key>fileRef</key>
			<string>EA64D367183A780600842F02</string>
			<key>isa</key>
			<string>PBXBuildFile</string>
		</dict>
		<key>EA64D375183A780600842F02</key>
		<dict>
			<key>fileRef</key>
			<string>EA64D369183A780600842F02</string>
			<key>isa</key>
			<string>PBXBuildFile</string>
		</dict>
		<key>EA64D376183A780600842F02</key>
		<dict>
			<key>fileRef</key>
			<string>EA64D36B183A780600842F02</string>
			<key>isa</key>
			<string>PBXBuildFile</string>
		</dict>
		<key>EA64D377183A780600842F02</key>
		<dict>
			<key>fileRef</key>
			<string>EA64D36D183A780600842F02</string>
			<key>isa</key>
			<string>PBXBuildFile</string>
		</dict>
		<key>EA64D378183A781300842F02</key>
		<dict>
			<key>children</key>
			<array>
				<string>EA64D379183A781300842F02</string>
				<string>EA64D37A183A781300842F02</string>
			</array>
			<key>isa</key>
			<string>PBXGroup</string>
			<key>path</key>
			<string>Classes</string>
			<key>sourceTree</key>
			<string>&lt;group&gt;</string>
		</dict>
		<key>EA64D379183A781300842F02</key>
		<dict>
			<key>fileEncoding</key>
			<string>4</string>
			<key>isa</key>
			<string>PBXFileReference</string>
			<key>lastKnownFileType</key>
			<string>sourcecode.c.h</string>
			<key>path</key>
			<string>TDSession.h</string>
			<key>sourceTree</key>
			<string>&lt;group&gt;</string>
		</dict>
		<key>EA64D37A183A781300842F02</key>
		<dict>
			<key>fileEncoding</key>
			<string>4</string>
			<key>isa</key>
			<string>PBXFileReference</string>
			<key>lastKnownFileType</key>
			<string>sourcecode.c.objc</string>
			<key>path</key>
			<string>TDSession.m</string>
			<key>sourceTree</key>
			<string>&lt;group&gt;</string>
		</dict>
		<key>EA64D37B183A781300842F02</key>
		<dict>
			<key>children</key>
			<array>
				<string>EA64D37E183A781300842F02</string>
				<string>EA64D37F183A781300842F02</string>
				<string>EA64D380183A781300842F02</string>
				<string>EA64D381183A781300842F02</string>
			</array>
			<key>isa</key>
			<string>PBXGroup</string>
			<key>path</key>
			<string>Views</string>
			<key>sourceTree</key>
			<string>&lt;group&gt;</string>
		</dict>
		<key>EA64D37E183A781300842F02</key>
		<dict>
			<key>fileEncoding</key>
			<string>4</string>
			<key>isa</key>
			<string>PBXFileReference</string>
			<key>lastKnownFileType</key>
			<string>sourcecode.c.h</string>
			<key>path</key>
			<string>TDMultipeerGuestViewController.h</string>
			<key>sourceTree</key>
			<string>&lt;group&gt;</string>
		</dict>
		<key>EA64D37F183A781300842F02</key>
		<dict>
			<key>fileEncoding</key>
			<string>4</string>
			<key>isa</key>
			<string>PBXFileReference</string>
			<key>lastKnownFileType</key>
			<string>sourcecode.c.objc</string>
			<key>path</key>
			<string>TDMultipeerGuestViewController.m</string>
			<key>sourceTree</key>
			<string>&lt;group&gt;</string>
		</dict>
		<key>EA64D380183A781300842F02</key>
		<dict>
			<key>fileEncoding</key>
			<string>4</string>
			<key>isa</key>
			<string>PBXFileReference</string>
			<key>lastKnownFileType</key>
			<string>sourcecode.c.h</string>
			<key>path</key>
			<string>TDMultipeerHostViewController.h</string>
			<key>sourceTree</key>
			<string>&lt;group&gt;</string>
		</dict>
		<key>EA64D381183A781300842F02</key>
		<dict>
			<key>fileEncoding</key>
			<string>4</string>
			<key>isa</key>
			<string>PBXFileReference</string>
			<key>lastKnownFileType</key>
			<string>sourcecode.c.objc</string>
			<key>path</key>
			<string>TDMultipeerHostViewController.m</string>
			<key>sourceTree</key>
			<string>&lt;group&gt;</string>
		</dict>
		<key>EA64D382183A781300842F02</key>
		<dict>
			<key>fileRef</key>
			<string>EA64D37A183A781300842F02</string>
			<key>isa</key>
			<string>PBXBuildFile</string>
		</dict>
		<key>EA64D384183A781300842F02</key>
		<dict>
			<key>fileRef</key>
			<string>EA64D37F183A781300842F02</string>
			<key>isa</key>
			<string>PBXBuildFile</string>
		</dict>
		<key>EA64D385183A781300842F02</key>
		<dict>
			<key>fileRef</key>
			<string>EA64D381183A781300842F02</string>
			<key>isa</key>
			<string>PBXBuildFile</string>
		</dict>
		<key>EA64D386183A78D200842F02</key>
		<dict>
			<key>isa</key>
			<string>PBXFileReference</string>
			<key>lastKnownFileType</key>
			<string>wrapper.framework</string>
			<key>name</key>
			<string>AVFoundation.framework</string>
			<key>path</key>
			<string>System/Library/Frameworks/AVFoundation.framework</string>
			<key>sourceTree</key>
			<string>SDKROOT</string>
		</dict>
		<key>EA64D387183A78D200842F02</key>
		<dict>
			<key>fileRef</key>
			<string>EA64D386183A78D200842F02</string>
			<key>isa</key>
			<string>PBXBuildFile</string>
		</dict>
		<key>EA64D388183A78D800842F02</key>
		<dict>
			<key>isa</key>
			<string>PBXFileReference</string>
			<key>lastKnownFileType</key>
			<string>wrapper.framework</string>
			<key>name</key>
			<string>MultipeerConnectivity.framework</string>
			<key>path</key>
			<string>System/Library/Frameworks/MultipeerConnectivity.framework</string>
			<key>sourceTree</key>
			<string>SDKROOT</string>
		</dict>
		<key>EA64D389183A78D800842F02</key>
		<dict>
			<key>fileRef</key>
			<string>EA64D388183A78D800842F02</string>
			<key>isa</key>
			<string>PBXBuildFile</string>
		</dict>
		<key>EA64D38A183A790600842F02</key>
		<dict>
			<key>isa</key>
			<string>PBXFileReference</string>
			<key>lastKnownFileType</key>
			<string>wrapper.framework</string>
			<key>name</key>
			<string>AudioToolbox.framework</string>
			<key>path</key>
			<string>System/Library/Frameworks/AudioToolbox.framework</string>
			<key>sourceTree</key>
			<string>SDKROOT</string>
		</dict>
		<key>EA64D38B183A790600842F02</key>
		<dict>
			<key>isa</key>
			<string>PBXFileReference</string>
			<key>lastKnownFileType</key>
			<string>wrapper.framework</string>
			<key>name</key>
			<string>CoreAudio.framework</string>
			<key>path</key>
			<string>System/Library/Frameworks/CoreAudio.framework</string>
			<key>sourceTree</key>
			<string>SDKROOT</string>
		</dict>
		<key>EA64D38C183A790600842F02</key>
		<dict>
			<key>isa</key>
			<string>PBXFileReference</string>
			<key>lastKnownFileType</key>
			<string>wrapper.framework</string>
			<key>name</key>
			<string>MediaPlayer.framework</string>
			<key>path</key>
			<string>System/Library/Frameworks/MediaPlayer.framework</string>
			<key>sourceTree</key>
			<string>SDKROOT</string>
		</dict>
		<key>EA64D38D183A790600842F02</key>
		<dict>
			<key>fileRef</key>
			<string>EA64D38A183A790600842F02</string>
			<key>isa</key>
			<string>PBXBuildFile</string>
		</dict>
		<key>EA64D38F183A790600842F02</key>
		<dict>
			<key>fileRef</key>
			<string>EA64D38C183A790600842F02</string>
			<key>isa</key>
			<string>PBXBuildFile</string>
		</dict>
		<key>EA64D390183A7ABF00842F02</key>
		<dict>
			<key>fileEncoding</key>
			<string>4</string>
			<key>isa</key>
			<string>PBXFileReference</string>
			<key>lastKnownFileType</key>
			<string>sourcecode.c.h</string>
			<key>path</key>
			<string>TDAudioStreamer.h</string>
			<key>sourceTree</key>
			<string>&lt;group&gt;</string>
		</dict>
		<key>EA64D391183A7ABF00842F02</key>
		<dict>
			<key>fileEncoding</key>
			<string>4</string>
			<key>isa</key>
			<string>PBXFileReference</string>
			<key>lastKnownFileType</key>
			<string>sourcecode.c.objc</string>
			<key>path</key>
			<string>TDAudioStreamer.m</string>
			<key>sourceTree</key>
			<string>&lt;group&gt;</string>
		</dict>
		<key>EA64D392183A7ABF00842F02</key>
		<dict>
			<key>fileRef</key>
			<string>EA64D391183A7ABF00842F02</string>
			<key>isa</key>
			<string>PBXBuildFile</string>
		</dict>
		<key>EA64D393183A8FDC00842F02</key>
		<dict>
			<key>children</key>
			<array>
				<string>EA64D394183A8FDC00842F02</string>
				<string>EA64D395183A8FDC00842F02</string>
			</array>
			<key>isa</key>
			<string>PBXGroup</string>
			<key>path</key>
			<string>Categories</string>
			<key>sourceTree</key>
			<string>&lt;group&gt;</string>
		</dict>
		<key>EA64D394183A8FDC00842F02</key>
		<dict>
			<key>fileEncoding</key>
			<string>4</string>
			<key>isa</key>
			<string>PBXFileReference</string>
			<key>lastKnownFileType</key>
			<string>sourcecode.c.h</string>
			<key>path</key>
			<string>NSMutableArray+QueueMethods.h</string>
			<key>sourceTree</key>
			<string>&lt;group&gt;</string>
		</dict>
		<key>EA64D395183A8FDC00842F02</key>
		<dict>
			<key>fileEncoding</key>
			<string>4</string>
			<key>isa</key>
			<string>PBXFileReference</string>
			<key>lastKnownFileType</key>
			<string>sourcecode.c.objc</string>
			<key>path</key>
			<string>NSMutableArray+QueueMethods.m</string>
			<key>sourceTree</key>
			<string>&lt;group&gt;</string>
		</dict>
		<key>EA64D396183A8FDC00842F02</key>
		<dict>
			<key>fileRef</key>
			<string>EA64D395183A8FDC00842F02</string>
			<key>isa</key>
			<string>PBXBuildFile</string>
		</dict>
		<key>ED62B97B56394AB88D0D2C6C</key>
		<dict>
			<key>fileRef</key>
			<string>F7FE185A2D794397AA764EA3</string>
			<key>isa</key>
			<string>PBXBuildFile</string>
		</dict>
		<key>F625A9861D3D4DBD8E39DB82</key>
		<dict>
			<key>buildActionMask</key>
			<string>2147483647</string>
			<key>files</key>
			<array/>
			<key>inputPaths</key>
			<array/>
			<key>isa</key>
			<string>PBXShellScriptBuildPhase</string>
			<key>name</key>
			<string>Copy Pods Resources</string>
			<key>outputPaths</key>
			<array/>
			<key>runOnlyForDeploymentPostprocessing</key>
			<string>0</string>
			<key>shellPath</key>
			<string>/bin/sh</string>
			<key>shellScript</key>
			<string>"${SRCROOT}/Pods/Pods-resources.sh"
</string>
			<key>showEnvVarsInLog</key>
			<string>0</string>
		</dict>
		<key>F7FE185A2D794397AA764EA3</key>
		<dict>
			<key>explicitFileType</key>
			<string>archive.ar</string>
			<key>includeInIndex</key>
			<string>0</string>
			<key>isa</key>
			<string>PBXFileReference</string>
			<key>path</key>
			<string>libPods.a</string>
			<key>sourceTree</key>
			<string>BUILT_PRODUCTS_DIR</string>
		</dict>
	</dict>
	<key>rootObject</key>
	<string>EA64D318183A764D00842F02</string>
</dict>
</plist>
